
Microsoft Visual Studio Solution File, Format Version 12.00
# Visual Studio Version 17
VisualStudioVersion = 17.9.34723.18
MinimumVisualStudioVersion = 10.0.40219.1
Project("{FAE04EC0-301F-11D3-BF4B-00C04F79EFBC}") = "Guia0_03", "Guia0_03.csproj", "{BEF79E83-9BA2-420F-8283-D6347A225A5C}"
EndProject
Global
	GlobalSection(SolutionConfigurationPlatforms) = preSolution
		Debug|Any CPU = Debug|Any CPU
		Release|Any CPU = Release|Any CPU
	EndGlobalSection
	GlobalSection(ProjectConfigurationPlatforms) = postSolution
		{BEF79E83-9BA2-420F-8283-D6347A225A5C}.Debug|Any CPU.ActiveCfg = Debug|Any CPU
		{BEF79E83-9BA2-420F-8283-D6347A225A5C}.Debug|Any CPU.Build.0 = Debug|Any CPU
		{BEF79E83-9BA2-420F-8283-D6347A225A5C}.Release|Any CPU.ActiveCfg = Release|Any CPU
		{BEF79E83-9BA2-420F-8283-D6347A225A5C}.Release|Any CPU.Build.0 = Release|Any CPU
	EndGlobalSection
	GlobalSection(SolutionProperties) = preSolution
		HideSolutionNode = FALSE
	EndGlobalSection
	GlobalSection(ExtensibilityGlobals) = postSolution
		SolutionGuid = {FE425E8F-B398-4478-8D68-21FD3B878F64}
	EndGlobalSection
EndGlobal
